{
  "nodes": {
    "crane": {
      "locked": {
        "lastModified": 1758215636,
        "narHash": "sha256-8nkzkPbdxze8CxWhKWlcLbJEU1vfLM/nVqRlTy17V54=",
        "owner": "ipetkov",
        "repo": "crane",
        "rev": "a669fe77a8b0cd6f11419d89ea45a16691ca5121",
        "type": "github"
      },
      "original": {
        "owner": "ipetkov",
        "repo": "crane",
        "type": "github"
      }
    },
    "crane_2": {
      "locked": {
        "lastModified": 1765739568,
        "narHash": "sha256-gQYx35Of4UDKUjAYvmxjUEh/DdszYeTtT6MDin4loGE=",
        "owner": "ipetkov",
        "repo": "crane",
        "rev": "67d2baff0f9f677af35db61b32b5df6863bcc075",
        "type": "github"
      },
      "original": {
        "owner": "ipetkov",
        "repo": "crane",
        "type": "github"
      }
    },
    "filter": {
      "locked": {
        "lastModified": 1757882181,
        "narHash": "sha256-+cCxYIh2UNalTz364p+QYmWHs0P+6wDhiWR4jDIKQIU=",
        "owner": "numtide",
        "repo": "nix-filter",
        "rev": "59c44d1909c72441144b93cf0f054be7fe764de5",
        "type": "github"
      },
      "original": {
        "owner": "numtide",
        "repo": "nix-filter",
        "type": "github"
      }
    },
    "nixpkgs": {
      "locked": {
        "lastModified": 1758294315,
        "narHash": "sha256-H+C4c+jKCZpSJHODHFaY6b2ciB3Hv00V5QKA7yUVtis=",
        "owner": "nixos",
        "repo": "nixpkgs",
        "rev": "90ade7da38aa49c2e2693a04a44662a0e61530e9",
        "type": "github"
      },
      "original": {
        "owner": "nixos",
        "ref": "nixpkgs-unstable",
        "repo": "nixpkgs",
        "type": "github"
      }
    },
    "nixpkgs-ocitools": {
      "locked": {
        "lastModified": 1770565630,
        "narHash": "sha256-+0dj3MSv+Pxf6e+89tObqGSAGWcmZHPFGw8Hi6DsTco=",
        "owner": "brainhivenl",
        "repo": "nixpkgs",
        "rev": "6144e69fa0fd51c96201bc64632526dee386ddf4",
        "type": "github"
      },
      "original": {
        "owner": "brainhivenl",
        "ref": "oci/refactor",
        "repo": "nixpkgs",
        "type": "github"
      }
    },
    "nixpkgs_2": {
      "locked": {
        "lastModified": 1770380644,
        "narHash": "sha256-P7dWMHRUWG5m4G+06jDyThXO7kwSk46C1kgjEWcybkE=",
        "owner": "NixOS",
        "repo": "nixpkgs",
        "rev": "ae67888ff7ef9dff69b3cf0cc0fbfbcd3a722abe",
        "type": "github"
      },
      "original": {
        "owner": "NixOS",
        "ref": "nixpkgs-unstable",
        "repo": "nixpkgs",
        "type": "github"
      }
    },
    "root": {
      "inputs": {
        "crane": "crane",
        "filter": "filter",
        "nixpkgs": "nixpkgs",
        "rust-overlay": "rust-overlay",
        "steiger": "steiger",
        "systems": "systems"
      }
    },
    "rust-overlay": {
      "inputs": {
        "nixpkgs": [
          "nixpkgs"
        ]
      },
      "locked": {
        "lastModified": 1758422215,
        "narHash": "sha256-JvF5SXhp1wBHbfEVAWgJCDVSO8iknfDqXfqMch5YWg0=",
        "owner": "oxalica",
        "repo": "rust-overlay",
        "rev": "6f3988eb5885f1e2efa874a480d91de09a7f9f0b",
        "type": "github"
      },
      "original": {
        "owner": "oxalica",
        "repo": "rust-overlay",
        "type": "github"
      }
    },
    "rust-overlay_2": {
      "inputs": {
        "nixpkgs": [
          "steiger",
          "nixpkgs"
        ]
      },
      "locked": {
        "lastModified": 1766112155,
        "narHash": "sha256-N0KUOJSIBw2fFF2ACZhwYX2e0EGaHBVPlJh7bnxcGE4=",
        "owner": "oxalica",
        "repo": "rust-overlay",
        "rev": "2a6db3fc1c27ae77f9caa553d7609b223cb770b5",
        "type": "github"
      },
      "original": {
        "owner": "oxalica",
        "repo": "rust-overlay",
        "type": "github"
      }
    },
    "steiger": {
      "inputs": {
        "crane": "crane_2",
        "nixpkgs": "nixpkgs_2",
        "nixpkgs-ocitools": "nixpkgs-ocitools",
        "rust-overlay": "rust-overlay_2"
      },
      "locked": {
        "lastModified": 1770570189,
        "narHash": "sha256-An4LmVKkVdv+fOpvvwLiwDtxXBxewJzKrdlvIGW9tBQ=",
        "owner": "brainhivenl",
        "repo": "steiger",
        "rev": "f6ebc73a83a6f16652feed65481290d7e9ce9653",
        "type": "github"
      },
      "original": {
        "owner": "brainhivenl",
        "repo": "steiger",
        "type": "github"
      }
    },
    "systems": {
      "locked": {
        "lastModified": 1681028828,
        "narHash": "sha256-Vy1rq5AaRuLzOxct8nz4T6wlgyUR7zLU309k9mBC768=",
        "owner": "nix-systems",
        "repo": "default",
        "rev": "da67096a3b9bf56a91d16901293e51ba5b49a27e",
        "type": "github"
      },
      "original": {
        "owner": "nix-systems",
        "repo": "default",
        "type": "github"
      }
    }
  },
  "root": "root",
  "version": 7
}
